
Microsoft Visual Studio Solution File, Format Version 11.00
# Visual Studio 2010
Project("{E24C65DC-7377-472B-9ABA-BC803B73C61A}") = "web", "web\", "{1DE3140D-F0E6-4ECE-B759-047E00B22531}"
	ProjectSection(WebsiteProperties) = preProject
		TargetFrameworkMoniker = ".NETFramework,Version%3Dv3.5"
		Debug.AspNetCompiler.VirtualPath = "/web"
		Debug.AspNetCompiler.PhysicalPath = "web\"
		Debug.AspNetCompiler.TargetPath = "PrecompiledWeb\web\"
		Debug.AspNetCompiler.Updateable = "true"
		Debug.AspNetCompiler.ForceOverwrite = "true"
		Debug.AspNetCompiler.FixedNames = "false"
		Debug.AspNetCompiler.Debug = "True"
		Release.AspNetCompiler.VirtualPath = "/web"
		Release.AspNetCompiler.PhysicalPath = "web\"
		Release.AspNetCompiler.TargetPath = "PrecompiledWeb\web\"
		Release.AspNetCompiler.Updateable = "true"
		Release.AspNetCompiler.ForceOverwrite = "true"
		Release.AspNetCompiler.FixedNames = "false"
		Release.AspNetCompiler.Debug = "False"
		VWDPort = "56981"
	EndProjectSection
EndProject
Project("{FAE04EC0-301F-11D3-BF4B-00C04F79EFBC}") = "SPE.Api", "SPE.Api\SPE.Api.csproj", "{0ADB9D09-7666-4244-B924-D1BC1E3A1D4E}"
EndProject
Global
	GlobalSection(SolutionConfigurationPlatforms) = preSolution
		Debug|Any CPU = Debug|Any CPU
		Release|Any CPU = Release|Any CPU
	EndGlobalSection
	GlobalSection(ProjectConfigurationPlatforms) = postSolution
		{1DE3140D-F0E6-4ECE-B759-047E00B22531}.Debug|Any CPU.ActiveCfg = Debug|Any CPU
		{1DE3140D-F0E6-4ECE-B759-047E00B22531}.Debug|Any CPU.Build.0 = Debug|Any CPU
		{1DE3140D-F0E6-4ECE-B759-047E00B22531}.Release|Any CPU.ActiveCfg = Debug|Any CPU
		{1DE3140D-F0E6-4ECE-B759-047E00B22531}.Release|Any CPU.Build.0 = Debug|Any CPU
		{0ADB9D09-7666-4244-B924-D1BC1E3A1D4E}.Debug|Any CPU.ActiveCfg = Debug|Any CPU
		{0ADB9D09-7666-4244-B924-D1BC1E3A1D4E}.Debug|Any CPU.Build.0 = Debug|Any CPU
		{0ADB9D09-7666-4244-B924-D1BC1E3A1D4E}.Release|Any CPU.ActiveCfg = Release|Any CPU
		{0ADB9D09-7666-4244-B924-D1BC1E3A1D4E}.Release|Any CPU.Build.0 = Release|Any CPU
	EndGlobalSection
	GlobalSection(SolutionProperties) = preSolution
		HideSolutionNode = FALSE
	EndGlobalSection
EndGlobal
